
Microsoft Visual Studio Solution File, Format Version 12.00
# Visual Studio Version 17
VisualStudioVersion = 17.10.35013.160
MinimumVisualStudioVersion = 10.0.40219.1
Project("{FAE04EC0-301F-11D3-BF4B-00C04F79EFBC}") = "Computer Club App", "Computer Club App\Computer Club App.csproj", "{951734D6-D535-4483-BA9A-4E082E4A23C6}"
EndProject
Global
	GlobalSection(SolutionConfigurationPlatforms) = preSolution
		Debug|Any CPU = Debug|Any CPU
		Release|Any CPU = Release|Any CPU
	EndGlobalSection
	GlobalSection(ProjectConfigurationPlatforms) = postSolution
		{951734D6-D535-4483-BA9A-4E082E4A23C6}.Debug|Any CPU.ActiveCfg = Debug|Any CPU
		{951734D6-D535-4483-BA9A-4E082E4A23C6}.Debug|Any CPU.Build.0 = Debug|Any CPU
		{951734D6-D535-4483-BA9A-4E082E4A23C6}.Release|Any CPU.ActiveCfg = Release|Any CPU
		{951734D6-D535-4483-BA9A-4E082E4A23C6}.Release|Any CPU.Build.0 = Release|Any CPU
	EndGlobalSection
	GlobalSection(SolutionProperties) = preSolution
		HideSolutionNode = FALSE
	EndGlobalSection
	GlobalSection(ExtensibilityGlobals) = postSolution
		SolutionGuid = {52E6CB94-3CD0-4B32-987E-3C47D6B904D8}
	EndGlobalSection
EndGlobal
